
Microsoft Visual Studio Solution File, Format Version 12.00
# Visual Studio Version 17
VisualStudioVersion = 17.13.35931.197 d17.13
MinimumVisualStudioVersion = 10.0.40219.1
Project("{FAE04EC0-301F-11D3-BF4B-00C04F79EFBC}") = "Ex03.GarageLogic", "Ex03.GarageLogic\Ex03.GarageLogic.csproj", "{3DCF7350-33A7-4BB0-8147-FB4CE95E9D9A}"
EndProject
Project("{FAE04EC0-301F-11D3-BF4B-00C04F79EFBC}") = "Ex03.ConsoleUI", "Ex03.ConsoleUI\Ex03.ConsoleUI.csproj", "{788B2F89-54E9-456B-87E5-5F32FE71731D}"
EndProject
Global
	GlobalSection(SolutionConfigurationPlatforms) = preSolution
		Debug|Any CPU = Debug|Any CPU
		Release|Any CPU = Release|Any CPU
	EndGlobalSection
	GlobalSection(ProjectConfigurationPlatforms) = postSolution
		{3DCF7350-33A7-4BB0-8147-FB4CE95E9D9A}.Debug|Any CPU.ActiveCfg = Debug|Any CPU
		{3DCF7350-33A7-4BB0-8147-FB4CE95E9D9A}.Debug|Any CPU.Build.0 = Debug|Any CPU
		{3DCF7350-33A7-4BB0-8147-FB4CE95E9D9A}.Release|Any CPU.ActiveCfg = Release|Any CPU
		{3DCF7350-33A7-4BB0-8147-FB4CE95E9D9A}.Release|Any CPU.Build.0 = Release|Any CPU
		{788B2F89-54E9-456B-87E5-5F32FE71731D}.Debug|Any CPU.ActiveCfg = Debug|Any CPU
		{788B2F89-54E9-456B-87E5-5F32FE71731D}.Debug|Any CPU.Build.0 = Debug|Any CPU
		{788B2F89-54E9-456B-87E5-5F32FE71731D}.Release|Any CPU.ActiveCfg = Release|Any CPU
		{788B2F89-54E9-456B-87E5-5F32FE71731D}.Release|Any CPU.Build.0 = Release|Any CPU
	EndGlobalSection
	GlobalSection(SolutionProperties) = preSolution
		HideSolutionNode = FALSE
	EndGlobalSection
	GlobalSection(ExtensibilityGlobals) = postSolution
		SolutionGuid = {6F66196B-17E4-4AEA-98BA-62700900A1B0}
	EndGlobalSection
EndGlobal
